<Solution>
  <Folder Name="/src/">
    <Project Path="src/SPNet.Workflow.Publisher.Csom/SPNet.Workflow.Publisher.Csom.csproj" />
    <Project Path="src/SPNet.Workflow.WfSerializer/SPNet.Workflow.WfSerializer.csproj" />
  </Folder>
  <Folder Name="/tests/">
    <Project Path="tests/SPNet.Workflow.WfSerializer.Tests/SPNet.Workflow.WfSerializer.Tests.csproj" />
  </Folder>
</Solution>
